{
  "requires": true,
  "lockfileVersion": 1,
  "dependencies": {
    "commander": {
      "version": "2.20.0",
      "resolved": "https://registry.npmjs.org/commander/-/commander-2.20.0.tgz",
      "integrity": "sha512-7j2y+40w61zy6YC2iRNpUe/NwhNyoXrYpHMrSunaMG64nRnaf96zO/KMQR4OyN/UnE5KLyEBnKHd4aG3rskjpQ=="
    },
    "get-git-info": {
      "version": "1.0.0",
      "resolved": "https://registry.npmjs.org/get-git-info/-/get-git-info-1.0.0.tgz",
      "integrity": "sha1-TzAw8GiJaM+ylhZ6vt/MKLhh5Ro=",
      "requires": {
        "iniparser": "^1.0.5"
      }
    },
    "iniparser": {
      "version": "1.0.5",
      "resolved": "https://registry.npmjs.org/iniparser/-/iniparser-1.0.5.tgz",
      "integrity": "sha1-g21r7+bfv87gvM8c+fKsxwJ/eD0="
    }
  }
}
